cookbook 'oh-my-zsh', :path => '/Volumes/Data/jon/Development/00_perso/05_Servers/chef/cookbooks/oh-my-zsh'
cookbook 'chef-solo-search', :git => 'git://github.com/edelight/chef-solo-search.git', :ref => 'master'
cookbook 'minitest-handler', :locked_version => '0.2.1'
cookbook 'git', :locked_version => '2.5.0'
cookbook 'dmg', :locked_version => '1.1.0'
cookbook 'build-essential', :locked_version => '1.4.0'
cookbook 'yum', :locked_version => '2.2.0'
cookbook 'windows', :locked_version => '1.8.10'
cookbook 'chef_handler', :locked_version => '1.1.4'
cookbook 'runit', :locked_version => '1.1.4'
cookbook 'zsh', :locked_version => '1.0.0'
cookbook 'users', :locked_version => '1.5.0'